
Microsoft Visual Studio Solution File, Format Version 12.00
# Visual Studio 15
VisualStudioVersion = 15.0.28306.52
MinimumVisualStudioVersion = 10.0.40219.1
Project("{FAE04EC0-301F-11D3-BF4B-00C04F79EFBC}") = "HelloWorld", "HelloWorld\HelloWorld.csproj", "{8BC16565-8B0C-4AD3-87D1-F0A9A02A7021}"
EndProject
Global
	GlobalSection(SolutionConfigurationPlatforms) = preSolution
		Debug|Any CPU = Debug|Any CPU
		Release|Any CPU = Release|Any CPU
	EndGlobalSection
	GlobalSection(ProjectConfigurationPlatforms) = postSolution
		{8BC16565-8B0C-4AD3-87D1-F0A9A02A7021}.Debug|Any CPU.ActiveCfg = Debug|Any CPU
		{8BC16565-8B0C-4AD3-87D1-F0A9A02A7021}.Debug|Any CPU.Build.0 = Debug|Any CPU
		{8BC16565-8B0C-4AD3-87D1-F0A9A02A7021}.Release|Any CPU.ActiveCfg = Release|Any CPU
		{8BC16565-8B0C-4AD3-87D1-F0A9A02A7021}.Release|Any CPU.Build.0 = Release|Any CPU
	EndGlobalSection
	GlobalSection(SolutionProperties) = preSolution
		HideSolutionNode = FALSE
	EndGlobalSection
	GlobalSection(ExtensibilityGlobals) = postSolution
		SolutionGuid = {667D97FD-C26A-4E87-B7DD-3E32CB85E540}
	EndGlobalSection
EndGlobal
